
Microsoft Visual Studio Solution File, Format Version 12.00
# Visual Studio Version 17
VisualStudioVersion = 17.0.31903.59
MinimumVisualStudioVersion = 10.0.40219.1
Project("{FAE04EC0-301F-11D3-BF4B-00C04F79EFBC}") = "API", "API\API.csproj", "{8CF03680-91C2-4C79-B238-DF2657800AAA}"
EndProject
Project("{FAE04EC0-301F-11D3-BF4B-00C04F79EFBC}") = "Application", "Application\Application.csproj", "{7F42E749-E3A1-467F-A172-6D9F6ABED15B}"
EndProject
Project("{FAE04EC0-301F-11D3-BF4B-00C04F79EFBC}") = "Domain", "Domain\Domain.csproj", "{64D4EEC4-3E5A-41F4-9E20-A35AD76BF391}"
EndProject
Project("{FAE04EC0-301F-11D3-BF4B-00C04F79EFBC}") = "Persistence", "Persistence\Persistence.csproj", "{43F7A8C0-762E-4BC6-9D13-C08583991455}"
EndProject
Global
	GlobalSection(SolutionConfigurationPlatforms) = preSolution
		Debug|Any CPU = Debug|Any CPU
		Release|Any CPU = Release|Any CPU
	EndGlobalSection
	GlobalSection(SolutionProperties) = preSolution
		HideSolutionNode = FALSE
	EndGlobalSection
	GlobalSection(ProjectConfigurationPlatforms) = postSolution
		{8CF03680-91C2-4C79-B238-DF2657800AAA}.Debug|Any CPU.ActiveCfg = Debug|Any CPU
		{8CF03680-91C2-4C79-B238-DF2657800AAA}.Debug|Any CPU.Build.0 = Debug|Any CPU
		{8CF03680-91C2-4C79-B238-DF2657800AAA}.Release|Any CPU.ActiveCfg = Release|Any CPU
		{8CF03680-91C2-4C79-B238-DF2657800AAA}.Release|Any CPU.Build.0 = Release|Any CPU
		{7F42E749-E3A1-467F-A172-6D9F6ABED15B}.Debug|Any CPU.ActiveCfg = Debug|Any CPU
		{7F42E749-E3A1-467F-A172-6D9F6ABED15B}.Debug|Any CPU.Build.0 = Debug|Any CPU
		{7F42E749-E3A1-467F-A172-6D9F6ABED15B}.Release|Any CPU.ActiveCfg = Release|Any CPU
		{7F42E749-E3A1-467F-A172-6D9F6ABED15B}.Release|Any CPU.Build.0 = Release|Any CPU
		{64D4EEC4-3E5A-41F4-9E20-A35AD76BF391}.Debug|Any CPU.ActiveCfg = Debug|Any CPU
		{64D4EEC4-3E5A-41F4-9E20-A35AD76BF391}.Debug|Any CPU.Build.0 = Debug|Any CPU
		{64D4EEC4-3E5A-41F4-9E20-A35AD76BF391}.Release|Any CPU.ActiveCfg = Release|Any CPU
		{64D4EEC4-3E5A-41F4-9E20-A35AD76BF391}.Release|Any CPU.Build.0 = Release|Any CPU
		{43F7A8C0-762E-4BC6-9D13-C08583991455}.Debug|Any CPU.ActiveCfg = Debug|Any CPU
		{43F7A8C0-762E-4BC6-9D13-C08583991455}.Debug|Any CPU.Build.0 = Debug|Any CPU
		{43F7A8C0-762E-4BC6-9D13-C08583991455}.Release|Any CPU.ActiveCfg = Release|Any CPU
		{43F7A8C0-762E-4BC6-9D13-C08583991455}.Release|Any CPU.Build.0 = Release|Any CPU
	EndGlobalSection
EndGlobal
